
Microsoft Visual Studio Solution File, Format Version 12.00
# Visual Studio Version 17
VisualStudioVersion = 17.7.34018.315
MinimumVisualStudioVersion = 10.0.40219.1
Project("{FAE04EC0-301F-11D3-BF4B-00C04F79EFBC}") = "w16-1", "w16-1\w16-1.csproj", "{1EAD439B-8A85-4781-82A9-67B033D95928}"
EndProject
Global
	GlobalSection(SolutionConfigurationPlatforms) = preSolution
		Debug|Any CPU = Debug|Any CPU
		Release|Any CPU = Release|Any CPU
	EndGlobalSection
	GlobalSection(ProjectConfigurationPlatforms) = postSolution
		{1EAD439B-8A85-4781-82A9-67B033D95928}.Debug|Any CPU.ActiveCfg = Debug|Any CPU
		{1EAD439B-8A85-4781-82A9-67B033D95928}.Debug|Any CPU.Build.0 = Debug|Any CPU
		{1EAD439B-8A85-4781-82A9-67B033D95928}.Release|Any CPU.ActiveCfg = Release|Any CPU
		{1EAD439B-8A85-4781-82A9-67B033D95928}.Release|Any CPU.Build.0 = Release|Any CPU
	EndGlobalSection
	GlobalSection(SolutionProperties) = preSolution
		HideSolutionNode = FALSE
	EndGlobalSection
	GlobalSection(ExtensibilityGlobals) = postSolution
		SolutionGuid = {3B000A44-CC1F-43F2-859F-31BC5B78EA4A}
	EndGlobalSection
EndGlobal
